
Microsoft Visual Studio Solution File, Format Version 12.00
# Visual Studio 15
VisualStudioVersion = 15.0.27130.2003
MinimumVisualStudioVersion = 10.0.40219.1
Project("{FAE04EC0-301F-11D3-BF4B-00C04F79EFBC}") = "ConsoleAppForGitTest", "ConsoleAppForGitTest\ConsoleAppForGitTest.csproj", "{7B9A2CBF-23AC-41F0-BD59-1ACEF30BF324}"
EndProject
Global
	GlobalSection(SolutionConfigurationPlatforms) = preSolution
		Debug|Any CPU = Debug|Any CPU
		Release|Any CPU = Release|Any CPU
	EndGlobalSection
	GlobalSection(ProjectConfigurationPlatforms) = postSolution
		{7B9A2CBF-23AC-41F0-BD59-1ACEF30BF324}.Debug|Any CPU.ActiveCfg = Debug|Any CPU
		{7B9A2CBF-23AC-41F0-BD59-1ACEF30BF324}.Debug|Any CPU.Build.0 = Debug|Any CPU
		{7B9A2CBF-23AC-41F0-BD59-1ACEF30BF324}.Release|Any CPU.ActiveCfg = Release|Any CPU
		{7B9A2CBF-23AC-41F0-BD59-1ACEF30BF324}.Release|Any CPU.Build.0 = Release|Any CPU
	EndGlobalSection
	GlobalSection(SolutionProperties) = preSolution
		HideSolutionNode = FALSE
	EndGlobalSection
	GlobalSection(ExtensibilityGlobals) = postSolution
		SolutionGuid = {0C116937-3367-44E6-8406-84EFCAD00DB7}
	EndGlobalSection
EndGlobal
